
Microsoft Visual Studio Solution File, Format Version 12.00
# Visual Studio Version 17
VisualStudioVersion = 17.13.35913.81 d17.13
MinimumVisualStudioVersion = 10.0.40219.1
Project("{FAE04EC0-301F-11D3-BF4B-00C04F79EFBC}") = "BusinessObjects", "BusinessObjects\BusinessObjects.csproj", "{4F9C790B-CADB-4F1B-920A-933FD0340E76}"
EndProject
Project("{FAE04EC0-301F-11D3-BF4B-00C04F79EFBC}") = "DataAccessObjects", "DataAccessObjects\DataAccessObjects.csproj", "{C416CF91-607C-4B0D-AEA4-24962B65874E}"
EndProject
Project("{FAE04EC0-301F-11D3-BF4B-00C04F79EFBC}") = "Repositories", "Repositories\Repositories.csproj", "{9720C564-7DC7-4872-84C4-333AE577A69F}"
EndProject
Project("{FAE04EC0-301F-11D3-BF4B-00C04F79EFBC}") = "Services", "Services\Services.csproj", "{AE8CB4E0-FD48-4A0E-B8A9-D2AAA29EB99E}"
EndProject
Project("{FAE04EC0-301F-11D3-BF4B-00C04F79EFBC}") = "ProductManagementMVC", "ProductManagementMVC\ProductManagementMVC.csproj", "{2F68C0A0-FD5A-4799-A399-73DFA81C10A8}"
EndProject
Global
	GlobalSection(SolutionConfigurationPlatforms) = preSolution
		Debug|Any CPU = Debug|Any CPU
		Release|Any CPU = Release|Any CPU
	EndGlobalSection
	GlobalSection(ProjectConfigurationPlatforms) = postSolution
		{4F9C790B-CADB-4F1B-920A-933FD0340E76}.Debug|Any CPU.ActiveCfg = Debug|Any CPU
		{4F9C790B-CADB-4F1B-920A-933FD0340E76}.Debug|Any CPU.Build.0 = Debug|Any CPU
		{4F9C790B-CADB-4F1B-920A-933FD0340E76}.Release|Any CPU.ActiveCfg = Release|Any CPU
		{4F9C790B-CADB-4F1B-920A-933FD0340E76}.Release|Any CPU.Build.0 = Release|Any CPU
		{C416CF91-607C-4B0D-AEA4-24962B65874E}.Debug|Any CPU.ActiveCfg = Debug|Any CPU
		{C416CF91-607C-4B0D-AEA4-24962B65874E}.Debug|Any CPU.Build.0 = Debug|Any CPU
		{C416CF91-607C-4B0D-AEA4-24962B65874E}.Release|Any CPU.ActiveCfg = Release|Any CPU
		{C416CF91-607C-4B0D-AEA4-24962B65874E}.Release|Any CPU.Build.0 = Release|Any CPU
		{9720C564-7DC7-4872-84C4-333AE577A69F}.Debug|Any CPU.ActiveCfg = Debug|Any CPU
		{9720C564-7DC7-4872-84C4-333AE577A69F}.Debug|Any CPU.Build.0 = Debug|Any CPU
		{9720C564-7DC7-4872-84C4-333AE577A69F}.Release|Any CPU.ActiveCfg = Release|Any CPU
		{9720C564-7DC7-4872-84C4-333AE577A69F}.Release|Any CPU.Build.0 = Release|Any CPU
		{AE8CB4E0-FD48-4A0E-B8A9-D2AAA29EB99E}.Debug|Any CPU.ActiveCfg = Debug|Any CPU
		{AE8CB4E0-FD48-4A0E-B8A9-D2AAA29EB99E}.Debug|Any CPU.Build.0 = Debug|Any CPU
		{AE8CB4E0-FD48-4A0E-B8A9-D2AAA29EB99E}.Release|Any CPU.ActiveCfg = Release|Any CPU
		{AE8CB4E0-FD48-4A0E-B8A9-D2AAA29EB99E}.Release|Any CPU.Build.0 = Release|Any CPU
		{2F68C0A0-FD5A-4799-A399-73DFA81C10A8}.Debug|Any CPU.ActiveCfg = Debug|Any CPU
		{2F68C0A0-FD5A-4799-A399-73DFA81C10A8}.Debug|Any CPU.Build.0 = Debug|Any CPU
		{2F68C0A0-FD5A-4799-A399-73DFA81C10A8}.Release|Any CPU.ActiveCfg = Release|Any CPU
		{2F68C0A0-FD5A-4799-A399-73DFA81C10A8}.Release|Any CPU.Build.0 = Release|Any CPU
	EndGlobalSection
	GlobalSection(SolutionProperties) = preSolution
		HideSolutionNode = FALSE
	EndGlobalSection
	GlobalSection(ExtensibilityGlobals) = postSolution
		SolutionGuid = {D4FCF9CF-8BF3-4ABB-958F-71D1245E725B}
	EndGlobalSection
EndGlobal
